
Microsoft Visual Studio Solution File, Format Version 12.00
# Visual Studio Version 17
VisualStudioVersion = 17.7.34018.315
MinimumVisualStudioVersion = 10.0.40219.1
Project("{FAE04EC0-301F-11D3-BF4B-00C04F79EFBC}") = "ManagedSolutionLayerRaiser", "ManagedSolutionLayerRaiser\ManagedSolutionLayerRaiser.csproj", "{D2451CC8-7CC1-4A78-ADCC-F50A5E05485B}"
EndProject
Global
	GlobalSection(SolutionConfigurationPlatforms) = preSolution
		Debug|Any CPU = Debug|Any CPU
		Release|Any CPU = Release|Any CPU
	EndGlobalSection
	GlobalSection(ProjectConfigurationPlatforms) = postSolution
		{D2451CC8-7CC1-4A78-ADCC-F50A5E05485B}.Debug|Any CPU.ActiveCfg = Debug|Any CPU
		{D2451CC8-7CC1-4A78-ADCC-F50A5E05485B}.Debug|Any CPU.Build.0 = Debug|Any CPU
		{D2451CC8-7CC1-4A78-ADCC-F50A5E05485B}.Release|Any CPU.ActiveCfg = Release|Any CPU
		{D2451CC8-7CC1-4A78-ADCC-F50A5E05485B}.Release|Any CPU.Build.0 = Release|Any CPU
	EndGlobalSection
	GlobalSection(SolutionProperties) = preSolution
		HideSolutionNode = FALSE
	EndGlobalSection
	GlobalSection(ExtensibilityGlobals) = postSolution
		SolutionGuid = {73D47096-5266-4EB6-9815-086DFA391789}
	EndGlobalSection
EndGlobal
